
Microsoft Visual Studio Solution File, Format Version 12.00
# Visual Studio Version 16
VisualStudioVersion = 16.6.30114.105
MinimumVisualStudioVersion = 10.0.40219.1
Project("{FAE04EC0-301F-11D3-BF4B-00C04F79EFBC}") = "BppLib.Core", "BppLib.Core\BppLib.Core.csproj", "{6898552D-67D2-4D5A-81B0-3AC69E2C031D}"
EndProject
Project("{FAE04EC0-301F-11D3-BF4B-00C04F79EFBC}") = "BppLib.Core.Tests", "BppLib.Core.Tests\BppLib.Core.Tests.csproj", "{5FD34411-5BF9-43B0-B9E8-E76CB4ABE882}"
EndProject
Project("{FAE04EC0-301F-11D3-BF4B-00C04F79EFBC}") = "BppLib.Core.Examples", "BppLib.Core.Examples\BppLib.Core.Examples.csproj", "{8D7F29EC-8B22-48FB-830D-A2ABA4F18646}"
EndProject
Global
	GlobalSection(SolutionConfigurationPlatforms) = preSolution
		Debug|Any CPU = Debug|Any CPU
		Debug|x64 = Debug|x64
		Debug|x86 = Debug|x86
		Release|Any CPU = Release|Any CPU
		Release|x64 = Release|x64
		Release|x86 = Release|x86
	EndGlobalSection
	GlobalSection(SolutionProperties) = preSolution
		HideSolutionNode = FALSE
	EndGlobalSection
	GlobalSection(ProjectConfigurationPlatforms) = postSolution
		{6898552D-67D2-4D5A-81B0-3AC69E2C031D}.Debug|Any CPU.ActiveCfg = Debug|Any CPU
		{6898552D-67D2-4D5A-81B0-3AC69E2C031D}.Debug|Any CPU.Build.0 = Debug|Any CPU
		{6898552D-67D2-4D5A-81B0-3AC69E2C031D}.Debug|x64.ActiveCfg = Debug|Any CPU
		{6898552D-67D2-4D5A-81B0-3AC69E2C031D}.Debug|x64.Build.0 = Debug|Any CPU
		{6898552D-67D2-4D5A-81B0-3AC69E2C031D}.Debug|x86.ActiveCfg = Debug|Any CPU
		{6898552D-67D2-4D5A-81B0-3AC69E2C031D}.Debug|x86.Build.0 = Debug|Any CPU
		{6898552D-67D2-4D5A-81B0-3AC69E2C031D}.Release|Any CPU.ActiveCfg = Release|Any CPU
		{6898552D-67D2-4D5A-81B0-3AC69E2C031D}.Release|Any CPU.Build.0 = Release|Any CPU
		{6898552D-67D2-4D5A-81B0-3AC69E2C031D}.Release|x64.ActiveCfg = Release|Any CPU
		{6898552D-67D2-4D5A-81B0-3AC69E2C031D}.Release|x64.Build.0 = Release|Any CPU
		{6898552D-67D2-4D5A-81B0-3AC69E2C031D}.Release|x86.ActiveCfg = Release|Any CPU
		{6898552D-67D2-4D5A-81B0-3AC69E2C031D}.Release|x86.Build.0 = Release|Any CPU
		{5FD34411-5BF9-43B0-B9E8-E76CB4ABE882}.Debug|Any CPU.ActiveCfg = Debug|Any CPU
		{5FD34411-5BF9-43B0-B9E8-E76CB4ABE882}.Debug|Any CPU.Build.0 = Debug|Any CPU
		{5FD34411-5BF9-43B0-B9E8-E76CB4ABE882}.Debug|x64.ActiveCfg = Debug|Any CPU
		{5FD34411-5BF9-43B0-B9E8-E76CB4ABE882}.Debug|x64.Build.0 = Debug|Any CPU
		{5FD34411-5BF9-43B0-B9E8-E76CB4ABE882}.Debug|x86.ActiveCfg = Debug|Any CPU
		{5FD34411-5BF9-43B0-B9E8-E76CB4ABE882}.Debug|x86.Build.0 = Debug|Any CPU
		{5FD34411-5BF9-43B0-B9E8-E76CB4ABE882}.Release|Any CPU.ActiveCfg = Release|Any CPU
		{5FD34411-5BF9-43B0-B9E8-E76CB4ABE882}.Release|Any CPU.Build.0 = Release|Any CPU
		{5FD34411-5BF9-43B0-B9E8-E76CB4ABE882}.Release|x64.ActiveCfg = Release|Any CPU
		{5FD34411-5BF9-43B0-B9E8-E76CB4ABE882}.Release|x64.Build.0 = Release|Any CPU
		{5FD34411-5BF9-43B0-B9E8-E76CB4ABE882}.Release|x86.ActiveCfg = Release|Any CPU
		{5FD34411-5BF9-43B0-B9E8-E76CB4ABE882}.Release|x86.Build.0 = Release|Any CPU
		{8D7F29EC-8B22-48FB-830D-A2ABA4F18646}.Debug|Any CPU.ActiveCfg = Debug|Any CPU
		{8D7F29EC-8B22-48FB-830D-A2ABA4F18646}.Debug|Any CPU.Build.0 = Debug|Any CPU
		{8D7F29EC-8B22-48FB-830D-A2ABA4F18646}.Debug|x64.ActiveCfg = Debug|Any CPU
		{8D7F29EC-8B22-48FB-830D-A2ABA4F18646}.Debug|x64.Build.0 = Debug|Any CPU
		{8D7F29EC-8B22-48FB-830D-A2ABA4F18646}.Debug|x86.ActiveCfg = Debug|Any CPU
		{8D7F29EC-8B22-48FB-830D-A2ABA4F18646}.Debug|x86.Build.0 = Debug|Any CPU
		{8D7F29EC-8B22-48FB-830D-A2ABA4F18646}.Release|Any CPU.ActiveCfg = Release|Any CPU
		{8D7F29EC-8B22-48FB-830D-A2ABA4F18646}.Release|Any CPU.Build.0 = Release|Any CPU
		{8D7F29EC-8B22-48FB-830D-A2ABA4F18646}.Release|x64.ActiveCfg = Release|Any CPU
		{8D7F29EC-8B22-48FB-830D-A2ABA4F18646}.Release|x64.Build.0 = Release|Any CPU
		{8D7F29EC-8B22-48FB-830D-A2ABA4F18646}.Release|x86.ActiveCfg = Release|Any CPU
		{8D7F29EC-8B22-48FB-830D-A2ABA4F18646}.Release|x86.Build.0 = Release|Any CPU
	EndGlobalSection
EndGlobal
