
Microsoft Visual Studio Solution File, Format Version 12.00
# Visual Studio Version 16
VisualStudioVersion = 16.6.30114.105
MinimumVisualStudioVersion = 10.0.40219.1
Project("{FAE04EC0-301F-11D3-BF4B-00C04F79EFBC}") = "BppLib.Core", "BppLib.Core\BppLib.Core.csproj", "{6898552D-67D2-4D5A-81B0-3AC69E2C031D}"
EndProject
Project("{FAE04EC0-301F-11D3-BF4B-00C04F79EFBC}") = "BppLib.CIDFile", "BppLib.CIDFile\BppLib.CIDFile.csproj", "{01209922-0B77-485C-9536-D7E185DB7F9B}"
EndProject
Project("{2150E333-8FDC-42A3-9474-1A3956D46DE8}") = "BppLib.UnitTests", "BppLib.UnitTests", "{2C17FAAF-1810-454A-B8F5-B14F35269582}"
EndProject
Project("{FAE04EC0-301F-11D3-BF4B-00C04F79EFBC}") = "BppLib.CIDFile.UnitTests", "BppLib.UnitTests\BppLib.CIDFile.UnitTests\BppLib.CIDFile.UnitTests.csproj", "{C3DEEA7C-3C82-4342-B0CD-CF6F8AA2610B}"
EndProject
Project("{FAE04EC0-301F-11D3-BF4B-00C04F79EFBC}") = "BppLib.Core.Tests", "BppLib.UnitTests\BppLib.Core.Tests\BppLib.Core.Tests.csproj", "{D2BD70A0-D337-4E31-BDF8-3BA30F17066E}"
EndProject
Project("{2150E333-8FDC-42A3-9474-1A3956D46DE8}") = "BppLib.Examples", "BppLib.Examples", "{FEF34B89-3937-461E-81F1-6C71E98BC460}"
EndProject
Project("{FAE04EC0-301F-11D3-BF4B-00C04F79EFBC}") = "BppLib.Core.Examples", "BppLib.Examples\BppLib.Core.Examples\BppLib.Core.Examples.csproj", "{F903CC07-669F-42B6-B3D7-E27860DCDB26}"
EndProject
Project("{FAE04EC0-301F-11D3-BF4B-00C04F79EFBC}") = "BppLib.Fusion360PostProcessor", "BppLib.Fusion360PostProcessor\BppLib.Fusion360PostProcessor.csproj", "{D80F82BC-A96C-4504-A02B-3FF68EA2C539}"
EndProject
Project("{FAE04EC0-301F-11D3-BF4B-00C04F79EFBC}") = "Fusion360PostProcessor.UnitTests", "BppLib.UnitTests\Fusion360PostProcessor.UnitTests\Fusion360PostProcessor.UnitTests.csproj", "{492B438C-E078-4EEB-A142-30D6704798A4}"
EndProject
Global
	GlobalSection(SolutionConfigurationPlatforms) = preSolution
		Debug|Any CPU = Debug|Any CPU
		Debug|x64 = Debug|x64
		Debug|x86 = Debug|x86
		Release|Any CPU = Release|Any CPU
		Release|x64 = Release|x64
		Release|x86 = Release|x86
	EndGlobalSection
	GlobalSection(SolutionProperties) = preSolution
		HideSolutionNode = FALSE
	EndGlobalSection
	GlobalSection(ProjectConfigurationPlatforms) = postSolution
		{6898552D-67D2-4D5A-81B0-3AC69E2C031D}.Debug|Any CPU.ActiveCfg = Debug|Any CPU
		{6898552D-67D2-4D5A-81B0-3AC69E2C031D}.Debug|Any CPU.Build.0 = Debug|Any CPU
		{6898552D-67D2-4D5A-81B0-3AC69E2C031D}.Debug|x64.ActiveCfg = Debug|Any CPU
		{6898552D-67D2-4D5A-81B0-3AC69E2C031D}.Debug|x64.Build.0 = Debug|Any CPU
		{6898552D-67D2-4D5A-81B0-3AC69E2C031D}.Debug|x86.ActiveCfg = Debug|Any CPU
		{6898552D-67D2-4D5A-81B0-3AC69E2C031D}.Debug|x86.Build.0 = Debug|Any CPU
		{6898552D-67D2-4D5A-81B0-3AC69E2C031D}.Release|Any CPU.ActiveCfg = Release|Any CPU
		{6898552D-67D2-4D5A-81B0-3AC69E2C031D}.Release|Any CPU.Build.0 = Release|Any CPU
		{6898552D-67D2-4D5A-81B0-3AC69E2C031D}.Release|x64.ActiveCfg = Release|Any CPU
		{6898552D-67D2-4D5A-81B0-3AC69E2C031D}.Release|x64.Build.0 = Release|Any CPU
		{6898552D-67D2-4D5A-81B0-3AC69E2C031D}.Release|x86.ActiveCfg = Release|Any CPU
		{6898552D-67D2-4D5A-81B0-3AC69E2C031D}.Release|x86.Build.0 = Release|Any CPU
		{01209922-0B77-485C-9536-D7E185DB7F9B}.Debug|Any CPU.ActiveCfg = Debug|Any CPU
		{01209922-0B77-485C-9536-D7E185DB7F9B}.Debug|Any CPU.Build.0 = Debug|Any CPU
		{01209922-0B77-485C-9536-D7E185DB7F9B}.Debug|x64.ActiveCfg = Debug|Any CPU
		{01209922-0B77-485C-9536-D7E185DB7F9B}.Debug|x64.Build.0 = Debug|Any CPU
		{01209922-0B77-485C-9536-D7E185DB7F9B}.Debug|x86.ActiveCfg = Debug|Any CPU
		{01209922-0B77-485C-9536-D7E185DB7F9B}.Debug|x86.Build.0 = Debug|Any CPU
		{01209922-0B77-485C-9536-D7E185DB7F9B}.Release|Any CPU.ActiveCfg = Release|Any CPU
		{01209922-0B77-485C-9536-D7E185DB7F9B}.Release|Any CPU.Build.0 = Release|Any CPU
		{01209922-0B77-485C-9536-D7E185DB7F9B}.Release|x64.ActiveCfg = Release|Any CPU
		{01209922-0B77-485C-9536-D7E185DB7F9B}.Release|x64.Build.0 = Release|Any CPU
		{01209922-0B77-485C-9536-D7E185DB7F9B}.Release|x86.ActiveCfg = Release|Any CPU
		{01209922-0B77-485C-9536-D7E185DB7F9B}.Release|x86.Build.0 = Release|Any CPU
		{C3DEEA7C-3C82-4342-B0CD-CF6F8AA2610B}.Debug|Any CPU.ActiveCfg = Debug|Any CPU
		{C3DEEA7C-3C82-4342-B0CD-CF6F8AA2610B}.Debug|Any CPU.Build.0 = Debug|Any CPU
		{C3DEEA7C-3C82-4342-B0CD-CF6F8AA2610B}.Debug|x64.ActiveCfg = Debug|Any CPU
		{C3DEEA7C-3C82-4342-B0CD-CF6F8AA2610B}.Debug|x64.Build.0 = Debug|Any CPU
		{C3DEEA7C-3C82-4342-B0CD-CF6F8AA2610B}.Debug|x86.ActiveCfg = Debug|Any CPU
		{C3DEEA7C-3C82-4342-B0CD-CF6F8AA2610B}.Debug|x86.Build.0 = Debug|Any CPU
		{C3DEEA7C-3C82-4342-B0CD-CF6F8AA2610B}.Release|Any CPU.ActiveCfg = Release|Any CPU
		{C3DEEA7C-3C82-4342-B0CD-CF6F8AA2610B}.Release|Any CPU.Build.0 = Release|Any CPU
		{C3DEEA7C-3C82-4342-B0CD-CF6F8AA2610B}.Release|x64.ActiveCfg = Release|Any CPU
		{C3DEEA7C-3C82-4342-B0CD-CF6F8AA2610B}.Release|x64.Build.0 = Release|Any CPU
		{C3DEEA7C-3C82-4342-B0CD-CF6F8AA2610B}.Release|x86.ActiveCfg = Release|Any CPU
		{C3DEEA7C-3C82-4342-B0CD-CF6F8AA2610B}.Release|x86.Build.0 = Release|Any CPU
		{D2BD70A0-D337-4E31-BDF8-3BA30F17066E}.Debug|Any CPU.ActiveCfg = Debug|Any CPU
		{D2BD70A0-D337-4E31-BDF8-3BA30F17066E}.Debug|Any CPU.Build.0 = Debug|Any CPU
		{D2BD70A0-D337-4E31-BDF8-3BA30F17066E}.Debug|x64.ActiveCfg = Debug|Any CPU
		{D2BD70A0-D337-4E31-BDF8-3BA30F17066E}.Debug|x64.Build.0 = Debug|Any CPU
		{D2BD70A0-D337-4E31-BDF8-3BA30F17066E}.Debug|x86.ActiveCfg = Debug|Any CPU
		{D2BD70A0-D337-4E31-BDF8-3BA30F17066E}.Debug|x86.Build.0 = Debug|Any CPU
		{D2BD70A0-D337-4E31-BDF8-3BA30F17066E}.Release|Any CPU.ActiveCfg = Release|Any CPU
		{D2BD70A0-D337-4E31-BDF8-3BA30F17066E}.Release|Any CPU.Build.0 = Release|Any CPU
		{D2BD70A0-D337-4E31-BDF8-3BA30F17066E}.Release|x64.ActiveCfg = Release|Any CPU
		{D2BD70A0-D337-4E31-BDF8-3BA30F17066E}.Release|x64.Build.0 = Release|Any CPU
		{D2BD70A0-D337-4E31-BDF8-3BA30F17066E}.Release|x86.ActiveCfg = Release|Any CPU
		{D2BD70A0-D337-4E31-BDF8-3BA30F17066E}.Release|x86.Build.0 = Release|Any CPU
		{F903CC07-669F-42B6-B3D7-E27860DCDB26}.Debug|Any CPU.ActiveCfg = Debug|Any CPU
		{F903CC07-669F-42B6-B3D7-E27860DCDB26}.Debug|Any CPU.Build.0 = Debug|Any CPU
		{F903CC07-669F-42B6-B3D7-E27860DCDB26}.Debug|x64.ActiveCfg = Debug|Any CPU
		{F903CC07-669F-42B6-B3D7-E27860DCDB26}.Debug|x64.Build.0 = Debug|Any CPU
		{F903CC07-669F-42B6-B3D7-E27860DCDB26}.Debug|x86.ActiveCfg = Debug|Any CPU
		{F903CC07-669F-42B6-B3D7-E27860DCDB26}.Debug|x86.Build.0 = Debug|Any CPU
		{F903CC07-669F-42B6-B3D7-E27860DCDB26}.Release|Any CPU.ActiveCfg = Release|Any CPU
		{F903CC07-669F-42B6-B3D7-E27860DCDB26}.Release|Any CPU.Build.0 = Release|Any CPU
		{F903CC07-669F-42B6-B3D7-E27860DCDB26}.Release|x64.ActiveCfg = Release|Any CPU
		{F903CC07-669F-42B6-B3D7-E27860DCDB26}.Release|x64.Build.0 = Release|Any CPU
		{F903CC07-669F-42B6-B3D7-E27860DCDB26}.Release|x86.ActiveCfg = Release|Any CPU
		{F903CC07-669F-42B6-B3D7-E27860DCDB26}.Release|x86.Build.0 = Release|Any CPU
		{D80F82BC-A96C-4504-A02B-3FF68EA2C539}.Debug|Any CPU.ActiveCfg = Debug|Any CPU
		{D80F82BC-A96C-4504-A02B-3FF68EA2C539}.Debug|Any CPU.Build.0 = Debug|Any CPU
		{D80F82BC-A96C-4504-A02B-3FF68EA2C539}.Debug|x64.ActiveCfg = Debug|Any CPU
		{D80F82BC-A96C-4504-A02B-3FF68EA2C539}.Debug|x64.Build.0 = Debug|Any CPU
		{D80F82BC-A96C-4504-A02B-3FF68EA2C539}.Debug|x86.ActiveCfg = Debug|Any CPU
		{D80F82BC-A96C-4504-A02B-3FF68EA2C539}.Debug|x86.Build.0 = Debug|Any CPU
		{D80F82BC-A96C-4504-A02B-3FF68EA2C539}.Release|Any CPU.ActiveCfg = Release|Any CPU
		{D80F82BC-A96C-4504-A02B-3FF68EA2C539}.Release|Any CPU.Build.0 = Release|Any CPU
		{D80F82BC-A96C-4504-A02B-3FF68EA2C539}.Release|x64.ActiveCfg = Release|Any CPU
		{D80F82BC-A96C-4504-A02B-3FF68EA2C539}.Release|x64.Build.0 = Release|Any CPU
		{D80F82BC-A96C-4504-A02B-3FF68EA2C539}.Release|x86.ActiveCfg = Release|Any CPU
		{D80F82BC-A96C-4504-A02B-3FF68EA2C539}.Release|x86.Build.0 = Release|Any CPU
		{492B438C-E078-4EEB-A142-30D6704798A4}.Debug|Any CPU.ActiveCfg = Debug|Any CPU
		{492B438C-E078-4EEB-A142-30D6704798A4}.Debug|Any CPU.Build.0 = Debug|Any CPU
		{492B438C-E078-4EEB-A142-30D6704798A4}.Debug|x64.ActiveCfg = Debug|Any CPU
		{492B438C-E078-4EEB-A142-30D6704798A4}.Debug|x64.Build.0 = Debug|Any CPU
		{492B438C-E078-4EEB-A142-30D6704798A4}.Debug|x86.ActiveCfg = Debug|Any CPU
		{492B438C-E078-4EEB-A142-30D6704798A4}.Debug|x86.Build.0 = Debug|Any CPU
		{492B438C-E078-4EEB-A142-30D6704798A4}.Release|Any CPU.ActiveCfg = Release|Any CPU
		{492B438C-E078-4EEB-A142-30D6704798A4}.Release|Any CPU.Build.0 = Release|Any CPU
		{492B438C-E078-4EEB-A142-30D6704798A4}.Release|x64.ActiveCfg = Release|Any CPU
		{492B438C-E078-4EEB-A142-30D6704798A4}.Release|x64.Build.0 = Release|Any CPU
		{492B438C-E078-4EEB-A142-30D6704798A4}.Release|x86.ActiveCfg = Release|Any CPU
		{492B438C-E078-4EEB-A142-30D6704798A4}.Release|x86.Build.0 = Release|Any CPU
	EndGlobalSection
	GlobalSection(NestedProjects) = preSolution
		{C3DEEA7C-3C82-4342-B0CD-CF6F8AA2610B} = {2C17FAAF-1810-454A-B8F5-B14F35269582}
		{D2BD70A0-D337-4E31-BDF8-3BA30F17066E} = {2C17FAAF-1810-454A-B8F5-B14F35269582}
		{F903CC07-669F-42B6-B3D7-E27860DCDB26} = {FEF34B89-3937-461E-81F1-6C71E98BC460}
		{492B438C-E078-4EEB-A142-30D6704798A4} = {2C17FAAF-1810-454A-B8F5-B14F35269582}
	EndGlobalSection
EndGlobal
